
Microsoft Visual Studio Solution File, Format Version 12.00
# Visual Studio Version 16
VisualStudioVersion = 16.0.30611.23
MinimumVisualStudioVersion = 10.0.40219.1
Project("{FAE04EC0-301F-11D3-BF4B-00C04F79EFBC}") = "funkiot", "funkiot\funkiot.csproj", "{8FB45951-71B8-4774-A080-7A7BBCE67082}"
EndProject
Global
	GlobalSection(SolutionConfigurationPlatforms) = preSolution
		Debug|Any CPU = Debug|Any CPU
		Release|Any CPU = Release|Any CPU
	EndGlobalSection
	GlobalSection(ProjectConfigurationPlatforms) = postSolution
		{8FB45951-71B8-4774-A080-7A7BBCE67082}.Debug|Any CPU.ActiveCfg = Debug|Any CPU
		{8FB45951-71B8-4774-A080-7A7BBCE67082}.Debug|Any CPU.Build.0 = Debug|Any CPU
		{8FB45951-71B8-4774-A080-7A7BBCE67082}.Release|Any CPU.ActiveCfg = Release|Any CPU
		{8FB45951-71B8-4774-A080-7A7BBCE67082}.Release|Any CPU.Build.0 = Release|Any CPU
	EndGlobalSection
	GlobalSection(SolutionProperties) = preSolution
		HideSolutionNode = FALSE
	EndGlobalSection
	GlobalSection(ExtensibilityGlobals) = postSolution
		SolutionGuid = {AE589704-183E-4EC9-807E-5078F01C95D9}
	EndGlobalSection
EndGlobal
