
Microsoft Visual Studio Solution File, Format Version 12.00
# Visual Studio Version 16
VisualStudioVersion = 16.0.30611.23
MinimumVisualStudioVersion = 10.0.40219.1
Project("{FAE04EC0-301F-11D3-BF4B-00C04F79EFBC}") = "taskit6", "taskit6\taskit6.csproj", "{392F12DE-B65B-444E-B196-B91CFFB2CE6D}"
EndProject
Global
	GlobalSection(SolutionConfigurationPlatforms) = preSolution
		Debug|Any CPU = Debug|Any CPU
		Release|Any CPU = Release|Any CPU
	EndGlobalSection
	GlobalSection(ProjectConfigurationPlatforms) = postSolution
		{392F12DE-B65B-444E-B196-B91CFFB2CE6D}.Debug|Any CPU.ActiveCfg = Debug|Any CPU
		{392F12DE-B65B-444E-B196-B91CFFB2CE6D}.Debug|Any CPU.Build.0 = Debug|Any CPU
		{392F12DE-B65B-444E-B196-B91CFFB2CE6D}.Release|Any CPU.ActiveCfg = Release|Any CPU
		{392F12DE-B65B-444E-B196-B91CFFB2CE6D}.Release|Any CPU.Build.0 = Release|Any CPU
	EndGlobalSection
	GlobalSection(SolutionProperties) = preSolution
		HideSolutionNode = FALSE
	EndGlobalSection
	GlobalSection(ExtensibilityGlobals) = postSolution
		SolutionGuid = {00776AB2-551C-4F67-8BD6-912F8A082660}
	EndGlobalSection
EndGlobal
